
Microsoft Visual Studio Solution File, Format Version 12.00
# Visual Studio 15
Project("{FAE04EC0-301F-11D3-BF4B-00C04F79EFBC}") = "Unity.XR.Interaction.Toolkit.Samples.StarterAssets", "Unity.XR.Interaction.Toolkit.Samples.StarterAssets.csproj", "{C8D764EC-9A7A-2CBE-0A59-3722ED5D2785}"
EndProject
Project("{FAE04EC0-301F-11D3-BF4B-00C04F79EFBC}") = "Unity.XR.Interaction.Toolkit.Samples.DeviceSimulator", "Unity.XR.Interaction.Toolkit.Samples.DeviceSimulator.csproj", "{21D58562-E032-81A6-C373-934CA75472F2}"
EndProject
Project("{FAE04EC0-301F-11D3-BF4B-00C04F79EFBC}") = "Unity.XR.Hands.Samples.VisualizerSample", "Unity.XR.Hands.Samples.VisualizerSample.csproj", "{63E79436-A5F4-E5B5-AD1A-4C7BBC848468}"
EndProject
Global
	GlobalSection(SolutionConfigurationPlatforms) = preSolution
		Debug|Any CPU = Debug|Any CPU
		Release|Any CPU = Release|Any CPU
	EndGlobalSection
	GlobalSection(ProjectConfigurationPlatforms) = postSolution
		{C8D764EC-9A7A-2CBE-0A59-3722ED5D2785}.Debug|Any CPU.ActiveCfg = Debug|Any CPU
		{C8D764EC-9A7A-2CBE-0A59-3722ED5D2785}.Debug|Any CPU.Build.0 = Debug|Any CPU
		{C8D764EC-9A7A-2CBE-0A59-3722ED5D2785}.Release|Any CPU.ActiveCfg = Release|Any CPU
		{C8D764EC-9A7A-2CBE-0A59-3722ED5D2785}.Release|Any CPU.Build.0 = Release|Any CPU
		{21D58562-E032-81A6-C373-934CA75472F2}.Debug|Any CPU.ActiveCfg = Debug|Any CPU
		{21D58562-E032-81A6-C373-934CA75472F2}.Debug|Any CPU.Build.0 = Debug|Any CPU
		{21D58562-E032-81A6-C373-934CA75472F2}.Release|Any CPU.ActiveCfg = Release|Any CPU
		{21D58562-E032-81A6-C373-934CA75472F2}.Release|Any CPU.Build.0 = Release|Any CPU
		{63E79436-A5F4-E5B5-AD1A-4C7BBC848468}.Debug|Any CPU.ActiveCfg = Debug|Any CPU
		{63E79436-A5F4-E5B5-AD1A-4C7BBC848468}.Debug|Any CPU.Build.0 = Debug|Any CPU
		{63E79436-A5F4-E5B5-AD1A-4C7BBC848468}.Release|Any CPU.ActiveCfg = Release|Any CPU
		{63E79436-A5F4-E5B5-AD1A-4C7BBC848468}.Release|Any CPU.Build.0 = Release|Any CPU
	EndGlobalSection
	GlobalSection(SolutionProperties) = preSolution
		HideSolutionNode = FALSE
	EndGlobalSection
EndGlobal
